
Microsoft Visual Studio Solution File, Format Version 9.00
# Visual Studio 2005
Project("{8BC9CEB8-8B4A-11D0-8D11-00A0C91BC942}") = "LibConfigSpamProtector", "LibConfigSpamProtector\LibConfigSpamProtector.vcproj", "{422A5249-754C-4E95-B038-853F30859E5B}"
	ProjectSection(WebsiteProperties) = preProject
		Debug.AspNetCompiler.Debug = "True"
		Release.AspNetCompiler.Debug = "False"
	EndProjectSection
EndProject
Project("{B900F1C2-3D47-4FEC-85B3-04AAF18C3634}") = "SetupSpamProtector", "SetupSpamProtector\SetupMapiRule.vddproj", "{688E8ABE-57EA-4C78-B556-6389BC8790F5}"
	ProjectSection(WebsiteProperties) = preProject
		Debug.AspNetCompiler.Debug = "True"
		Release.AspNetCompiler.Debug = "False"
	EndProjectSection
EndProject
Project("{8BC9CEB8-8B4A-11D0-8D11-00A0C91BC942}") = "SmsRule", "SmsRule\SmsRule.vcproj", "{1B795867-E577-4F0E-8DDF-A09E03CBF9ED}"
	ProjectSection(WebsiteProperties) = preProject
		Debug.AspNetCompiler.Debug = "True"
		Release.AspNetCompiler.Debug = "False"
	EndProjectSection
EndProject
Project("{8BC9CEB8-8B4A-11D0-8D11-00A0C91BC942}") = "SpamProtector", "SpamProtector\SpamProtector.vcproj", "{83FA3027-5A39-4EE7-A1A9-07C6619E3AEE}"
	ProjectSection(WebsiteProperties) = preProject
		Debug.AspNetCompiler.Debug = "True"
		Release.AspNetCompiler.Debug = "False"
	EndProjectSection
	ProjectSection(ProjectDependencies) = postProject
		{422A5249-754C-4E95-B038-853F30859E5B} = {422A5249-754C-4E95-B038-853F30859E5B}
	EndProjectSection
EndProject
Global
	GlobalSection(SolutionConfigurationPlatforms) = preSolution
		Debug|Windows Mobile 5.0 Pocket PC SDK (ARMV4I) = Debug|Windows Mobile 5.0 Pocket PC SDK (ARMV4I)
		Debug|Windows Mobile 5.0 Smartphone SDK (ARMV4I) = Debug|Windows Mobile 5.0 Smartphone SDK (ARMV4I)
		Debug|Windows Mobile 6 Professional SDK (ARMV4I) = Debug|Windows Mobile 6 Professional SDK (ARMV4I)
		Debug|Windows Mobile 6 Standard SDK (ARMV4I) = Debug|Windows Mobile 6 Standard SDK (ARMV4I)
		Release|Windows Mobile 5.0 Pocket PC SDK (ARMV4I) = Release|Windows Mobile 5.0 Pocket PC SDK (ARMV4I)
		Release|Windows Mobile 5.0 Smartphone SDK (ARMV4I) = Release|Windows Mobile 5.0 Smartphone SDK (ARMV4I)
		Release|Windows Mobile 6 Professional SDK (ARMV4I) = Release|Windows Mobile 6 Professional SDK (ARMV4I)
		Release|Windows Mobile 6 Standard SDK (ARMV4I) = Release|Windows Mobile 6 Standard SDK (ARMV4I)
	EndGlobalSection
	GlobalSection(ProjectConfigurationPlatforms) = postSolution
		{422A5249-754C-4E95-B038-853F30859E5B}.Debug|Windows Mobile 5.0 Pocket PC SDK (ARMV4I).ActiveCfg = Debug|Windows Mobile 5.0 Pocket PC SDK (ARMV4I)
		{422A5249-754C-4E95-B038-853F30859E5B}.Debug|Windows Mobile 5.0 Pocket PC SDK (ARMV4I).Build.0 = Debug|Windows Mobile 5.0 Pocket PC SDK (ARMV4I)
		{422A5249-754C-4E95-B038-853F30859E5B}.Debug|Windows Mobile 5.0 Pocket PC SDK (ARMV4I).Deploy.0 = Debug|Windows Mobile 5.0 Pocket PC SDK (ARMV4I)
		{422A5249-754C-4E95-B038-853F30859E5B}.Debug|Windows Mobile 5.0 Smartphone SDK (ARMV4I).ActiveCfg = Debug|Windows Mobile 5.0 Smartphone SDK (ARMV4I)
		{422A5249-754C-4E95-B038-853F30859E5B}.Debug|Windows Mobile 5.0 Smartphone SDK (ARMV4I).Build.0 = Debug|Windows Mobile 5.0 Smartphone SDK (ARMV4I)
		{422A5249-754C-4E95-B038-853F30859E5B}.Debug|Windows Mobile 5.0 Smartphone SDK (ARMV4I).Deploy.0 = Debug|Windows Mobile 5.0 Smartphone SDK (ARMV4I)
		{422A5249-754C-4E95-B038-853F30859E5B}.Debug|Windows Mobile 6 Professional SDK (ARMV4I).ActiveCfg = Debug|Windows Mobile 6 Professional SDK (ARMV4I)
		{422A5249-754C-4E95-B038-853F30859E5B}.Debug|Windows Mobile 6 Professional SDK (ARMV4I).Build.0 = Debug|Windows Mobile 6 Professional SDK (ARMV4I)
		{422A5249-754C-4E95-B038-853F30859E5B}.Debug|Windows Mobile 6 Professional SDK (ARMV4I).Deploy.0 = Debug|Windows Mobile 6 Professional SDK (ARMV4I)
		{422A5249-754C-4E95-B038-853F30859E5B}.Debug|Windows Mobile 6 Standard SDK (ARMV4I).ActiveCfg = Debug|Windows Mobile 6 Standard SDK (ARMV4I)
		{422A5249-754C-4E95-B038-853F30859E5B}.Debug|Windows Mobile 6 Standard SDK (ARMV4I).Build.0 = Debug|Windows Mobile 6 Standard SDK (ARMV4I)
		{422A5249-754C-4E95-B038-853F30859E5B}.Debug|Windows Mobile 6 Standard SDK (ARMV4I).Deploy.0 = Debug|Windows Mobile 6 Standard SDK (ARMV4I)
		{422A5249-754C-4E95-B038-853F30859E5B}.Release|Windows Mobile 5.0 Pocket PC SDK (ARMV4I).ActiveCfg = Release|Windows Mobile 5.0 Pocket PC SDK (ARMV4I)
		{422A5249-754C-4E95-B038-853F30859E5B}.Release|Windows Mobile 5.0 Pocket PC SDK (ARMV4I).Build.0 = Release|Windows Mobile 5.0 Pocket PC SDK (ARMV4I)
		{422A5249-754C-4E95-B038-853F30859E5B}.Release|Windows Mobile 5.0 Pocket PC SDK (ARMV4I).Deploy.0 = Release|Windows Mobile 5.0 Pocket PC SDK (ARMV4I)
		{422A5249-754C-4E95-B038-853F30859E5B}.Release|Windows Mobile 5.0 Smartphone SDK (ARMV4I).ActiveCfg = Release|Windows Mobile 5.0 Smartphone SDK (ARMV4I)
		{422A5249-754C-4E95-B038-853F30859E5B}.Release|Windows Mobile 5.0 Smartphone SDK (ARMV4I).Build.0 = Release|Windows Mobile 5.0 Smartphone SDK (ARMV4I)
		{422A5249-754C-4E95-B038-853F30859E5B}.Release|Windows Mobile 5.0 Smartphone SDK (ARMV4I).Deploy.0 = Release|Windows Mobile 5.0 Smartphone SDK (ARMV4I)
		{422A5249-754C-4E95-B038-853F30859E5B}.Release|Windows Mobile 6 Professional SDK (ARMV4I).ActiveCfg = Release|Windows Mobile 6 Professional SDK (ARMV4I)
		{422A5249-754C-4E95-B038-853F30859E5B}.Release|Windows Mobile 6 Professional SDK (ARMV4I).Build.0 = Release|Windows Mobile 6 Professional SDK (ARMV4I)
		{422A5249-754C-4E95-B038-853F30859E5B}.Release|Windows Mobile 6 Professional SDK (ARMV4I).Deploy.0 = Release|Windows Mobile 6 Professional SDK (ARMV4I)
		{422A5249-754C-4E95-B038-853F30859E5B}.Release|Windows Mobile 6 Standard SDK (ARMV4I).ActiveCfg = Release|Windows Mobile 6 Standard SDK (ARMV4I)
		{422A5249-754C-4E95-B038-853F30859E5B}.Release|Windows Mobile 6 Standard SDK (ARMV4I).Build.0 = Release|Windows Mobile 6 Standard SDK (ARMV4I)
		{422A5249-754C-4E95-B038-853F30859E5B}.Release|Windows Mobile 6 Standard SDK (ARMV4I).Deploy.0 = Release|Windows Mobile 6 Standard SDK (ARMV4I)
		{688E8ABE-57EA-4C78-B556-6389BC8790F5}.Debug|Windows Mobile 5.0 Pocket PC SDK (ARMV4I).ActiveCfg = Debug
		{688E8ABE-57EA-4C78-B556-6389BC8790F5}.Debug|Windows Mobile 5.0 Pocket PC SDK (ARMV4I).Build.0 = Debug
		{688E8ABE-57EA-4C78-B556-6389BC8790F5}.Debug|Windows Mobile 5.0 Smartphone SDK (ARMV4I).ActiveCfg = Debug
		{688E8ABE-57EA-4C78-B556-6389BC8790F5}.Debug|Windows Mobile 5.0 Smartphone SDK (ARMV4I).Build.0 = Debug
		{688E8ABE-57EA-4C78-B556-6389BC8790F5}.Debug|Windows Mobile 6 Professional SDK (ARMV4I).ActiveCfg = Debug
		{688E8ABE-57EA-4C78-B556-6389BC8790F5}.Debug|Windows Mobile 6 Professional SDK (ARMV4I).Build.0 = Debug
		{688E8ABE-57EA-4C78-B556-6389BC8790F5}.Debug|Windows Mobile 6 Standard SDK (ARMV4I).ActiveCfg = Debug
		{688E8ABE-57EA-4C78-B556-6389BC8790F5}.Debug|Windows Mobile 6 Standard SDK (ARMV4I).Build.0 = Debug
		{688E8ABE-57EA-4C78-B556-6389BC8790F5}.Release|Windows Mobile 5.0 Pocket PC SDK (ARMV4I).ActiveCfg = Release
		{688E8ABE-57EA-4C78-B556-6389BC8790F5}.Release|Windows Mobile 5.0 Pocket PC SDK (ARMV4I).Build.0 = Release
		{688E8ABE-57EA-4C78-B556-6389BC8790F5}.Release|Windows Mobile 5.0 Smartphone SDK (ARMV4I).ActiveCfg = Release
		{688E8ABE-57EA-4C78-B556-6389BC8790F5}.Release|Windows Mobile 5.0 Smartphone SDK (ARMV4I).Build.0 = Release
		{688E8ABE-57EA-4C78-B556-6389BC8790F5}.Release|Windows Mobile 6 Professional SDK (ARMV4I).ActiveCfg = Release
		{688E8ABE-57EA-4C78-B556-6389BC8790F5}.Release|Windows Mobile 6 Professional SDK (ARMV4I).Build.0 = Release
		{688E8ABE-57EA-4C78-B556-6389BC8790F5}.Release|Windows Mobile 6 Standard SDK (ARMV4I).ActiveCfg = Release
		{688E8ABE-57EA-4C78-B556-6389BC8790F5}.Release|Windows Mobile 6 Standard SDK (ARMV4I).Build.0 = Release
		{1B795867-E577-4F0E-8DDF-A09E03CBF9ED}.Debug|Windows Mobile 5.0 Pocket PC SDK (ARMV4I).ActiveCfg = Debug|Windows Mobile 5.0 Pocket PC SDK (ARMV4I)
		{1B795867-E577-4F0E-8DDF-A09E03CBF9ED}.Debug|Windows Mobile 5.0 Pocket PC SDK (ARMV4I).Build.0 = Debug|Windows Mobile 5.0 Pocket PC SDK (ARMV4I)
		{1B795867-E577-4F0E-8DDF-A09E03CBF9ED}.Debug|Windows Mobile 5.0 Pocket PC SDK (ARMV4I).Deploy.0 = Debug|Windows Mobile 5.0 Pocket PC SDK (ARMV4I)
		{1B795867-E577-4F0E-8DDF-A09E03CBF9ED}.Debug|Windows Mobile 5.0 Smartphone SDK (ARMV4I).ActiveCfg = Debug|Windows Mobile 5.0 Smartphone SDK (ARMV4I)
		{1B795867-E577-4F0E-8DDF-A09E03CBF9ED}.Debug|Windows Mobile 5.0 Smartphone SDK (ARMV4I).Build.0 = Debug|Windows Mobile 5.0 Smartphone SDK (ARMV4I)
		{1B795867-E577-4F0E-8DDF-A09E03CBF9ED}.Debug|Windows Mobile 5.0 Smartphone SDK (ARMV4I).Deploy.0 = Debug|Windows Mobile 5.0 Smartphone SDK (ARMV4I)
		{1B795867-E577-4F0E-8DDF-A09E03CBF9ED}.Debug|Windows Mobile 6 Professional SDK (ARMV4I).ActiveCfg = Debug|Windows Mobile 5.0 Smartphone SDK (ARMV4I)
		{1B795867-E577-4F0E-8DDF-A09E03CBF9ED}.Debug|Windows Mobile 6 Standard SDK (ARMV4I).ActiveCfg = Debug|Windows Mobile 5.0 Smartphone SDK (ARMV4I)
		{1B795867-E577-4F0E-8DDF-A09E03CBF9ED}.Release|Windows Mobile 5.0 Pocket PC SDK (ARMV4I).ActiveCfg = Release|Windows Mobile 5.0 Pocket PC SDK (ARMV4I)
		{1B795867-E577-4F0E-8DDF-A09E03CBF9ED}.Release|Windows Mobile 5.0 Pocket PC SDK (ARMV4I).Build.0 = Release|Windows Mobile 5.0 Pocket PC SDK (ARMV4I)
		{1B795867-E577-4F0E-8DDF-A09E03CBF9ED}.Release|Windows Mobile 5.0 Pocket PC SDK (ARMV4I).Deploy.0 = Release|Windows Mobile 5.0 Pocket PC SDK (ARMV4I)
		{1B795867-E577-4F0E-8DDF-A09E03CBF9ED}.Release|Windows Mobile 5.0 Smartphone SDK (ARMV4I).ActiveCfg = Release|Windows Mobile 5.0 Smartphone SDK (ARMV4I)
		{1B795867-E577-4F0E-8DDF-A09E03CBF9ED}.Release|Windows Mobile 5.0 Smartphone SDK (ARMV4I).Build.0 = Release|Windows Mobile 5.0 Smartphone SDK (ARMV4I)
		{1B795867-E577-4F0E-8DDF-A09E03CBF9ED}.Release|Windows Mobile 5.0 Smartphone SDK (ARMV4I).Deploy.0 = Release|Windows Mobile 5.0 Smartphone SDK (ARMV4I)
		{1B795867-E577-4F0E-8DDF-A09E03CBF9ED}.Release|Windows Mobile 6 Professional SDK (ARMV4I).ActiveCfg = Release|Windows Mobile 5.0 Smartphone SDK (ARMV4I)
		{1B795867-E577-4F0E-8DDF-A09E03CBF9ED}.Release|Windows Mobile 6 Standard SDK (ARMV4I).ActiveCfg = Release|Windows Mobile 5.0 Smartphone SDK (ARMV4I)
		{83FA3027-5A39-4EE7-A1A9-07C6619E3AEE}.Debug|Windows Mobile 5.0 Pocket PC SDK (ARMV4I).ActiveCfg = Debug|Windows Mobile 5.0 Pocket PC SDK (ARMV4I)
		{83FA3027-5A39-4EE7-A1A9-07C6619E3AEE}.Debug|Windows Mobile 5.0 Pocket PC SDK (ARMV4I).Build.0 = Debug|Windows Mobile 5.0 Pocket PC SDK (ARMV4I)
		{83FA3027-5A39-4EE7-A1A9-07C6619E3AEE}.Debug|Windows Mobile 5.0 Pocket PC SDK (ARMV4I).Deploy.0 = Debug|Windows Mobile 5.0 Pocket PC SDK (ARMV4I)
		{83FA3027-5A39-4EE7-A1A9-07C6619E3AEE}.Debug|Windows Mobile 5.0 Smartphone SDK (ARMV4I).ActiveCfg = Debug|Windows Mobile 5.0 Smartphone SDK (ARMV4I)
		{83FA3027-5A39-4EE7-A1A9-07C6619E3AEE}.Debug|Windows Mobile 5.0 Smartphone SDK (ARMV4I).Build.0 = Debug|Windows Mobile 5.0 Smartphone SDK (ARMV4I)
		{83FA3027-5A39-4EE7-A1A9-07C6619E3AEE}.Debug|Windows Mobile 5.0 Smartphone SDK (ARMV4I).Deploy.0 = Debug|Windows Mobile 5.0 Smartphone SDK (ARMV4I)
		{83FA3027-5A39-4EE7-A1A9-07C6619E3AEE}.Debug|Windows Mobile 6 Professional SDK (ARMV4I).ActiveCfg = Debug|Windows Mobile 6 Professional SDK (ARMV4I)
		{83FA3027-5A39-4EE7-A1A9-07C6619E3AEE}.Debug|Windows Mobile 6 Professional SDK (ARMV4I).Build.0 = Debug|Windows Mobile 6 Professional SDK (ARMV4I)
		{83FA3027-5A39-4EE7-A1A9-07C6619E3AEE}.Debug|Windows Mobile 6 Professional SDK (ARMV4I).Deploy.0 = Debug|Windows Mobile 6 Professional SDK (ARMV4I)
		{83FA3027-5A39-4EE7-A1A9-07C6619E3AEE}.Debug|Windows Mobile 6 Standard SDK (ARMV4I).ActiveCfg = Debug|Windows Mobile 6 Standard SDK (ARMV4I)
		{83FA3027-5A39-4EE7-A1A9-07C6619E3AEE}.Debug|Windows Mobile 6 Standard SDK (ARMV4I).Build.0 = Debug|Windows Mobile 6 Standard SDK (ARMV4I)
		{83FA3027-5A39-4EE7-A1A9-07C6619E3AEE}.Debug|Windows Mobile 6 Standard SDK (ARMV4I).Deploy.0 = Debug|Windows Mobile 6 Standard SDK (ARMV4I)
		{83FA3027-5A39-4EE7-A1A9-07C6619E3AEE}.Release|Windows Mobile 5.0 Pocket PC SDK (ARMV4I).ActiveCfg = Release|Windows Mobile 5.0 Pocket PC SDK (ARMV4I)
		{83FA3027-5A39-4EE7-A1A9-07C6619E3AEE}.Release|Windows Mobile 5.0 Pocket PC SDK (ARMV4I).Build.0 = Release|Windows Mobile 5.0 Pocket PC SDK (ARMV4I)
		{83FA3027-5A39-4EE7-A1A9-07C6619E3AEE}.Release|Windows Mobile 5.0 Pocket PC SDK (ARMV4I).Deploy.0 = Release|Windows Mobile 5.0 Pocket PC SDK (ARMV4I)
		{83FA3027-5A39-4EE7-A1A9-07C6619E3AEE}.Release|Windows Mobile 5.0 Smartphone SDK (ARMV4I).ActiveCfg = Release|Windows Mobile 5.0 Smartphone SDK (ARMV4I)
		{83FA3027-5A39-4EE7-A1A9-07C6619E3AEE}.Release|Windows Mobile 5.0 Smartphone SDK (ARMV4I).Build.0 = Release|Windows Mobile 5.0 Smartphone SDK (ARMV4I)
		{83FA3027-5A39-4EE7-A1A9-07C6619E3AEE}.Release|Windows Mobile 5.0 Smartphone SDK (ARMV4I).Deploy.0 = Release|Windows Mobile 5.0 Smartphone SDK (ARMV4I)
		{83FA3027-5A39-4EE7-A1A9-07C6619E3AEE}.Release|Windows Mobile 6 Professional SDK (ARMV4I).ActiveCfg = Release|Windows Mobile 6 Professional SDK (ARMV4I)
		{83FA3027-5A39-4EE7-A1A9-07C6619E3AEE}.Release|Windows Mobile 6 Professional SDK (ARMV4I).Build.0 = Release|Windows Mobile 6 Professional SDK (ARMV4I)
		{83FA3027-5A39-4EE7-A1A9-07C6619E3AEE}.Release|Windows Mobile 6 Professional SDK (ARMV4I).Deploy.0 = Release|Windows Mobile 6 Professional SDK (ARMV4I)
		{83FA3027-5A39-4EE7-A1A9-07C6619E3AEE}.Release|Windows Mobile 6 Standard SDK (ARMV4I).ActiveCfg = Release|Windows Mobile 6 Standard SDK (ARMV4I)
		{83FA3027-5A39-4EE7-A1A9-07C6619E3AEE}.Release|Windows Mobile 6 Standard SDK (ARMV4I).Build.0 = Release|Windows Mobile 6 Standard SDK (ARMV4I)
		{83FA3027-5A39-4EE7-A1A9-07C6619E3AEE}.Release|Windows Mobile 6 Standard SDK (ARMV4I).Deploy.0 = Release|Windows Mobile 6 Standard SDK (ARMV4I)
	EndGlobalSection
	GlobalSection(SolutionProperties) = preSolution
		HideSolutionNode = FALSE
	EndGlobalSection
EndGlobal
